
Microsoft Visual Studio Solution File, Format Version 12.00
# Visual Studio Version 16
VisualStudioVersion = 16.0.29911.84
MinimumVisualStudioVersion = 10.0.40219.1
Project("{8BC9CEB8-8B4A-11D0-8D11-00A0C91BC942}") = "OOP_201902704", "OOP_201902704\OOP_201902704.vcxproj", "{E226B935-243F-4F5E-B995-B6F32C3017B0}"
EndProject
Global
	GlobalSection(SolutionConfigurationPlatforms) = preSolution
		Debug|x64 = Debug|x64
		Debug|x86 = Debug|x86
		Release|x64 = Release|x64
		Release|x86 = Release|x86
	EndGlobalSection
	GlobalSection(ProjectConfigurationPlatforms) = postSolution
		{E226B935-243F-4F5E-B995-B6F32C3017B0}.Debug|x64.ActiveCfg = Debug|x64
		{E226B935-243F-4F5E-B995-B6F32C3017B0}.Debug|x64.Build.0 = Debug|x64
		{E226B935-243F-4F5E-B995-B6F32C3017B0}.Debug|x86.ActiveCfg = Debug|Win32
		{E226B935-243F-4F5E-B995-B6F32C3017B0}.Debug|x86.Build.0 = Debug|Win32
		{E226B935-243F-4F5E-B995-B6F32C3017B0}.Release|x64.ActiveCfg = Release|x64
		{E226B935-243F-4F5E-B995-B6F32C3017B0}.Release|x64.Build.0 = Release|x64
		{E226B935-243F-4F5E-B995-B6F32C3017B0}.Release|x86.ActiveCfg = Release|Win32
		{E226B935-243F-4F5E-B995-B6F32C3017B0}.Release|x86.Build.0 = Release|Win32
	EndGlobalSection
	GlobalSection(SolutionProperties) = preSolution
		HideSolutionNode = FALSE
	EndGlobalSection
	GlobalSection(ExtensibilityGlobals) = postSolution
		SolutionGuid = {9FD95F6F-1C3A-4419-B660-39DB45B2E9D7}
	EndGlobalSection
EndGlobal
